// !$*UTF8*$!
{
	archiveVersion = 1;
	classes = {
	};
	objectVersion = 55;
	objects = {

/* Begin PBXBuildFile section */
		79AF815527E3C593005AAEE2 /* JungdaeriSwiftApp.swift in Sources */ = {isa = PBXBuildFile; fileRef = 79AF815427E3C593005AAEE2 /* JungdaeriSwiftApp.swift */; };
		79AF815727E3C593005AAEE2 /* ContentView.swift in Sources */ = {isa = PBXBuildFile; fileRef = 79AF815627E3C593005AAEE2 /* ContentView.swift */; };
		79AF815927E3C593005AAEE2 /* Assets.xcassets in Resources */ = {isa = PBXBuildFile; fileRef = 79AF815827E3C593005AAEE2 /* Assets.xcassets */; };
		79AF815C27E3C593005AAEE2 /* Preview Assets.xcassets in Resources */ = {isa = PBXBuildFile; fileRef = 79AF815B27E3C593005AAEE2 /* Preview Assets.xcassets */; };
/* End PBXBuildFile section */

/* Begin PBXFileReference section */
		79433C3C27E3E43E00E43300 /* InoutMethod.playground */ = {isa = PBXFileReference; lastKnownFileType = file.playground; path = InoutMethod.playground; sourceTree = "<group>"; xcLanguageSpecificationIdentifier = xcode.lang.swift; };
		79433C3D27E3E5DF00E43300 /* SwiftError.playground */ = {isa = PBXFileReference; lastKnownFileType = file.playground; path = SwiftError.playground; sourceTree = "<group>"; xcLanguageSpecificationIdentifier = xcode.lang.swift; };
		79433C3E27E3E99400E43300 /* MutatingStruct.playground */ = {isa = PBXFileReference; lastKnownFileType = file.playground; path = MutatingStruct.playground; sourceTree = "<group>"; xcLanguageSpecificationIdentifier = xcode.lang.swift; };
		79433C3F27E3EB8100E43300 /* Set.playground */ = {isa = PBXFileReference; lastKnownFileType = file.playground; path = Set.playground; sourceTree = "<group>"; xcLanguageSpecificationIdentifier = xcode.lang.swift; };
		79433C4027E3EC8100E43300 /* StructMethod.playground */ = {isa = PBXFileReference; lastKnownFileType = file.playground; path = StructMethod.playground; sourceTree = "<group>"; xcLanguageSpecificationIdentifier = xcode.lang.swift; };
		79433C4127E3ECEE00E43300 /* Protocol.playground */ = {isa = PBXFileReference; lastKnownFileType = file.playground; path = Protocol.playground; sourceTree = "<group>"; xcLanguageSpecificationIdentifier = xcode.lang.swift; };
		79433C4227E3F0F400E43300 /* Typealias.playground */ = {isa = PBXFileReference; lastKnownFileType = file.playground; path = Typealias.playground; sourceTree = "<group>"; xcLanguageSpecificationIdentifier = xcode.lang.swift; };
		79433C4327E3F29D00E43300 /* LazyKeyword.playground */ = {isa = PBXFileReference; lastKnownFileType = file.playground; path = LazyKeyword.playground; sourceTree = "<group>"; xcLanguageSpecificationIdentifier = xcode.lang.swift; };
		79AF815127E3C593005AAEE2 /* JungdaeriSwift.app */ = {isa = PBXFileReference; explicitFileType = wrapper.application; includeInIndex = 0; path = JungdaeriSwift.app; sourceTree = BUILT_PRODUCTS_DIR; };
		79AF815427E3C593005AAEE2 /* JungdaeriSwiftApp.swift */ = {isa = PBXFileReference; lastKnownFileType = sourcecode.swift; path = JungdaeriSwiftApp.swift; sourceTree = "<group>"; };
		79AF815627E3C593005AAEE2 /* ContentView.swift */ = {isa = PBXFileReference; lastKnownFileType = sourcecode.swift; path = ContentView.swift; sourceTree = "<group>"; };
		79AF815827E3C593005AAEE2 /* Assets.xcassets */ = {isa = PBXFileReference; lastKnownFileType = folder.assetcatalog; path = Assets.xcassets; sourceTree = "<group>"; };
		79AF815B27E3C593005AAEE2 /* Preview Assets.xcassets */ = {isa = PBXFileReference; lastKnownFileType = folder.assetcatalog; path = "Preview Assets.xcassets"; sourceTree = "<group>"; };
		79AF816327E3C5C2005AAEE2 /* ClassStruct.playground */ = {isa = PBXFileReference; lastKnownFileType = file.playground; path = ClassStruct.playground; sourceTree = "<group>"; xcLanguageSpecificationIdentifier = xcode.lang.swift; };
		79AF816427E3C8A4005AAEE2 /* Observer.playground */ = {isa = PBXFileReference; lastKnownFileType = file.playground; path = Observer.playground; sourceTree = "<group>"; xcLanguageSpecificationIdentifier = xcode.lang.swift; };
		79AF816527E3C90B005AAEE2 /* Generic.playground */ = {isa = PBXFileReference; lastKnownFileType = file.playground; path = Generic.playground; sourceTree = "<group>"; xcLanguageSpecificationIdentifier = xcode.lang.swift; };
		79AF816627E3CBC7005AAEE2 /* Closer.playground */ = {isa = PBXFileReference; lastKnownFileType = file.playground; path = Closer.playground; sourceTree = "<group>"; xcLanguageSpecificationIdentifier = xcode.lang.swift; };
		79AF816827E3D491005AAEE2 /* Heritance.playground */ = {isa = PBXFileReference; lastKnownFileType = file.playground; path = Heritance.playground; sourceTree = "<group>"; xcLanguageSpecificationIdentifier = xcode.lang.swift; };
		79AF816927E3D643005AAEE2 /* Dictionary.playground */ = {isa = PBXFileReference; lastKnownFileType = file.playground; path = Dictionary.playground; sourceTree = "<group>"; xcLanguageSpecificationIdentifier = xcode.lang.swift; };
/* End PBXFileReference section */

/* Begin PBXFrameworksBuildPhase section */
		79AF814E27E3C593005AAEE2 /* Frameworks */ = {
			isa = PBXFrameworksBuildPhase;
			buildActionMask = 2147483647;
			files = (
			);
			runOnlyForDeploymentPostprocessing = 0;
		};
/* End PBXFrameworksBuildPhase section */

/* Begin PBXGroup section */
		79AF814827E3C593005AAEE2 = {
			isa = PBXGroup;
			children = (
				79AF815327E3C593005AAEE2 /* JungdaeriSwift */,
				79AF815227E3C593005AAEE2 /* Products */,
			);
			sourceTree = "<group>";
		};
		79AF815227E3C593005AAEE2 /* Products */ = {
			isa = PBXGroup;
			children = (
				79AF815127E3C593005AAEE2 /* JungdaeriSwift.app */,
			);
			name = Products;
			sourceTree = "<group>";
		};
		79AF815327E3C593005AAEE2 /* JungdaeriSwift */ = {
			isa = PBXGroup;
			children = (
				79AF815427E3C593005AAEE2 /* JungdaeriSwiftApp.swift */,
				79AF815627E3C593005AAEE2 /* ContentView.swift */,
				79AF815827E3C593005AAEE2 /* Assets.xcassets */,
				79AF815A27E3C593005AAEE2 /* Preview Content */,
				79AF816327E3C5C2005AAEE2 /* ClassStruct.playground */,
				79AF816427E3C8A4005AAEE2 /* Observer.playground */,
				79AF816527E3C90B005AAEE2 /* Generic.playground */,
				79AF816627E3CBC7005AAEE2 /* Closer.playground */,
				79AF816827E3D491005AAEE2 /* Heritance.playground */,
				79AF816927E3D643005AAEE2 /* Dictionary.playground */,
				79433C3C27E3E43E00E43300 /* InoutMethod.playground */,
				79433C3D27E3E5DF00E43300 /* SwiftError.playground */,
				79433C3E27E3E99400E43300 /* MutatingStruct.playground */,
				79433C3F27E3EB8100E43300 /* Set.playground */,
				79433C4027E3EC8100E43300 /* StructMethod.playground */,
				79433C4127E3ECEE00E43300 /* Protocol.playground */,
				79433C4227E3F0F400E43300 /* Typealias.playground */,
				79433C4327E3F29D00E43300 /* LazyKeyword.playground */,
			);
			path = JungdaeriSwift;
			sourceTree = "<group>";
		};
		79AF815A27E3C593005AAEE2 /* Preview Content */ = {
			isa = PBXGroup;
			children = (
				79AF815B27E3C593005AAEE2 /* Preview Assets.xcassets */,
			);
			path = "Preview Content";
			sourceTree = "<group>";
		};
/* End PBXGroup section */

/* Begin PBXNativeTarget section */
		79AF815027E3C593005AAEE2 /* JungdaeriSwift */ = {
			isa = PBXNativeTarget;
			buildConfigurationList = 79AF815F27E3C593005AAEE2 /* Build configuration list for PBXNativeTarget "JungdaeriSwift" */;
			buildPhases = (
				79AF814D27E3C593005AAEE2 /* Sources */,
				79AF814E27E3C593005AAEE2 /* Frameworks */,
				79AF814F27E3C593005AAEE2 /* Resources */,
			);
			buildRules = (
			);
			dependencies = (
			);
			name = JungdaeriSwift;
			productName = JungdaeriSwift;
			productReference = 79AF815127E3C593005AAEE2 /* JungdaeriSwift.app */;
			productType = "com.apple.product-type.application";
		};
/* End PBXNativeTarget section */

/* Begin PBXProject section */
		79AF814927E3C593005AAEE2 /* Project object */ = {
			isa = PBXProject;
			attributes = {
				BuildIndependentTargetsInParallel = 1;
				LastSwiftUpdateCheck = 1330;
				LastUpgradeCheck = 1330;
				TargetAttributes = {
					79AF815027E3C593005AAEE2 = {
						CreatedOnToolsVersion = 13.3;
					};
				};
			};
			buildConfigurationList = 79AF814C27E3C593005AAEE2 /* Build configuration list for PBXProject "JungdaeriSwift" */;
			compatibilityVersion = "Xcode 13.0";
			developmentRegion = en;
			hasScannedForEncodings = 0;
			knownRegions = (
				en,
				Base,
			);
			mainGroup = 79AF814827E3C593005AAEE2;
			productRefGroup = 79AF815227E3C593005AAEE2 /* Products */;
			projectDirPath = "";
			projectRoot = "";
			targets = (
				79AF815027E3C593005AAEE2 /* JungdaeriSwift */,
			);
		};
/* End PBXProject section */

/* Begin PBXResourcesBuildPhase section */
		79AF814F27E3C593005AAEE2 /* Resources */ = {
			isa = PBXResourcesBuildPhase;
			buildActionMask = 2147483647;
			files = (
				79AF815C27E3C593005AAEE2 /* Preview Assets.xcassets in Resources */,
				79AF815927E3C593005AAEE2 /* Assets.xcassets in Resources */,
			);
			runOnlyForDeploymentPostprocessing = 0;
		};
/* End PBXResourcesBuildPhase section */

/* Begin PBXSourcesBuildPhase section */
		79AF814D27E3C593005AAEE2 /* Sources */ = {
			isa = PBXSourcesBuildPhase;
			buildActionMask = 2147483647;
			files = (
				79AF815727E3C593005AAEE2 /* ContentView.swift in Sources */,
				79AF815527E3C593005AAEE2 /* JungdaeriSwiftApp.swift in Sources */,
			);
			runOnlyForDeploymentPostprocessing = 0;
		};
/* End PBXSourcesBuildPhase section */

/* Begin XCBuildConfiguration section */
		79AF815D27E3C593005AAEE2 /* Debug */ = {
			isa = XCBuildConfiguration;
			buildSettings = {
				ALWAYS_SEARCH_USER_PATHS = NO;
				CLANG_ANALYZER_NONNULL = YES;
				CLANG_ANALYZER_NUMBER_OBJECT_CONVERSION = YES_AGGRESSIVE;
				CLANG_CXX_LANGUAGE_STANDARD = "gnu++17";
				CLANG_ENABLE_MODULES = YES;
				CLANG_ENABLE_OBJC_ARC = YES;
				CLANG_ENABLE_OBJC_WEAK = YES;
				CLANG_WARN_BLOCK_CAPTURE_AUTORELEASING = YES;
				CLANG_WARN_BOOL_CONVERSION = YES;
				CLANG_WARN_COMMA = YES;
				CLANG_WARN_CONSTANT_CONVERSION = YES;
				CLANG_WARN_DEPRECATED_OBJC_IMPLEMENTATIONS = YES;
				CLANG_WARN_DIRECT_OBJC_ISA_USAGE = YES_ERROR;
				CLANG_WARN_DOCUMENTATION_COMMENTS = YES;
				CLANG_WARN_EMPTY_BODY = YES;
				CLANG_WARN_ENUM_CONVERSION = YES;
				CLANG_WARN_INFINITE_RECURSION = YES;
				CLANG_WARN_INT_CONVERSION = YES;
				CLANG_WARN_NON_LITERAL_NULL_CONVERSION = YES;
				CLANG_WARN_OBJC_IMPLICIT_RETAIN_SELF = YES;
				CLANG_WARN_OBJC_LITERAL_CONVERSION = YES;
				CLANG_WARN_OBJC_ROOT_CLASS = YES_ERROR;
				CLANG_WARN_QUOTED_INCLUDE_IN_FRAMEWORK_HEADER = YES;
				CLANG_WARN_RANGE_LOOP_ANALYSIS = YES;
				CLANG_WARN_STRICT_PROTOTYPES = YES;
				CLANG_WARN_SUSPICIOUS_MOVE = YES;
				CLANG_WARN_UNGUARDED_AVAILABILITY = YES_AGGRESSIVE;
				CLANG_WARN_UNREACHABLE_CODE = YES;
				CLANG_WARN__DUPLICATE_METHOD_MATCH = YES;
				COPY_PHASE_STRIP = NO;
				DEBUG_INFORMATION_FORMAT = dwarf;
				ENABLE_STRICT_OBJC_MSGSEND = YES;
				ENABLE_TESTABILITY = YES;
				GCC_C_LANGUAGE_STANDARD = gnu11;
				GCC_DYNAMIC_NO_PIC = NO;
				GCC_NO_COMMON_BLOCKS = YES;
				GCC_OPTIMIZATION_LEVEL = 0;
				GCC_PREPROCESSOR_DEFINITIONS = (
					"DEBUG=1",
					"$(inherited)",
				);
				GCC_WARN_64_TO_32_BIT_CONVERSION = YES;
				GCC_WARN_ABOUT_RETURN_TYPE = YES_ERROR;
				GCC_WARN_UNDECLARED_SELECTOR = YES;
				GCC_WARN_UNINITIALIZED_AUTOS = YES_AGGRESSIVE;
				GCC_WARN_UNUSED_FUNCTION = YES;
				GCC_WARN_UNUSED_VARIABLE = YES;
				IPHONEOS_DEPLOYMENT_TARGET = 15.4;
				MTL_ENABLE_DEBUG_INFO = INCLUDE_SOURCE;
				MTL_FAST_MATH = YES;
				ONLY_ACTIVE_ARCH = YES;
				SDKROOT = iphoneos;
				SWIFT_ACTIVE_COMPILATION_CONDITIONS = DEBUG;
				SWIFT_OPTIMIZATION_LEVEL = "-Onone";
			};
			name = Debug;
		};
		79AF815E27E3C593005AAEE2 /* Release */ = {
			isa = XCBuildConfiguration;
			buildSettings = {
				ALWAYS_SEARCH_USER_PATHS = NO;
				CLANG_ANALYZER_NONNULL = YES;
				CLANG_ANALYZER_NUMBER_OBJECT_CONVERSION = YES_AGGRESSIVE;
				CLANG_CXX_LANGUAGE_STANDARD = "gnu++17";
				CLANG_ENABLE_MODULES = YES;
				CLANG_ENABLE_OBJC_ARC = YES;
				CLANG_ENABLE_OBJC_WEAK = YES;
				CLANG_WARN_BLOCK_CAPTURE_AUTORELEASING = YES;
				CLANG_WARN_BOOL_CONVERSION = YES;
				CLANG_WARN_COMMA = YES;
				CLANG_WARN_CONSTANT_CONVERSION = YES;
				CLANG_WARN_DEPRECATED_OBJC_IMPLEMENTATIONS = YES;
				CLANG_WARN_DIRECT_OBJC_ISA_USAGE = YES_ERROR;
				CLANG_WARN_DOCUMENTATION_COMMENTS = YES;
				CLANG_WARN_EMPTY_BODY = YES;
				CLANG_WARN_ENUM_CONVERSION = YES;
				CLANG_WARN_INFINITE_RECURSION = YES;
				CLANG_WARN_INT_CONVERSION = YES;
				CLANG_WARN_NON_LITERAL_NULL_CONVERSION = YES;
				CLANG_WARN_OBJC_IMPLICIT_RETAIN_SELF = YES;
				CLANG_WARN_OBJC_LITERAL_CONVERSION = YES;
				CLANG_WARN_OBJC_ROOT_CLASS = YES_ERROR;
				CLANG_WARN_QUOTED_INCLUDE_IN_FRAMEWORK_HEADER = YES;
				CLANG_WARN_RANGE_LOOP_ANALYSIS = YES;
				CLANG_WARN_STRICT_PROTOTYPES = YES;
				CLANG_WARN_SUSPICIOUS_MOVE = YES;
				CLANG_WARN_UNGUARDED_AVAILABILITY = YES_AGGRESSIVE;
				CLANG_WARN_UNREACHABLE_CODE = YES;
				CLANG_WARN__DUPLICATE_METHOD_MATCH = YES;
				COPY_PHASE_STRIP = NO;
				DEBUG_INFORMATION_FORMAT = "dwarf-with-dsym";
				ENABLE_NS_ASSERTIONS = NO;
				ENABLE_STRICT_OBJC_MSGSEND = YES;
				GCC_C_LANGUAGE_STANDARD = gnu11;
				GCC_NO_COMMON_BLOCKS = YES;
				GCC_WARN_64_TO_32_BIT_CONVERSION = YES;
				GCC_WARN_ABOUT_RETURN_TYPE = YES_ERROR;
				GCC_WARN_UNDECLARED_SELECTOR = YES;
				GCC_WARN_UNINITIALIZED_AUTOS = YES_AGGRESSIVE;
				GCC_WARN_UNUSED_FUNCTION = YES;
				GCC_WARN_UNUSED_VARIABLE = YES;
				IPHONEOS_DEPLOYMENT_TARGET = 15.4;
				MTL_ENABLE_DEBUG_INFO = NO;
				MTL_FAST_MATH = YES;
				SDKROOT = iphoneos;
				SWIFT_COMPILATION_MODE = wholemodule;
				SWIFT_OPTIMIZATION_LEVEL = "-O";
				VALIDATE_PRODUCT = YES;
			};
			name = Release;
		};
		79AF816027E3C593005AAEE2 /* Debug */ = {
			isa = XCBuildConfiguration;
			buildSettings = {
				ASSETCATALOG_COMPILER_APPICON_NAME = AppIcon;
				ASSETCATALOG_COMPILER_GLOBAL_ACCENT_COLOR_NAME = AccentColor;
				CODE_SIGN_STYLE = Automatic;
				CURRENT_PROJECT_VERSION = 1;
				DEVELOPMENT_ASSET_PATHS = "\"JungdaeriSwift/Preview Content\"";
				DEVELOPMENT_TEAM = SRJSV34WBB;
				ENABLE_PREVIEWS = YES;
				GENERATE_INFOPLIST_FILE = YES;
				INFOPLIST_KEY_UIApplicationSceneManifest_Generation = YES;
				INFOPLIST_KEY_UIApplicationSupportsIndirectInputEvents = YES;
				INFOPLIST_KEY_UILaunchScreen_Generation = YES;
				INFOPLIST_KEY_UISupportedInterfaceOrientations_iPad = "UIInterfaceOrientationPortrait UIInterfaceOrientationPortraitUpsideDown UIInterfaceOrientationLandscapeLeft UIInterfaceOrientationLandscapeRight";
				INFOPLIST_KEY_UISupportedInterfaceOrientations_iPhone = "UIInterfaceOrientationPortrait UIInterfaceOrientationLandscapeLeft UIInterfaceOrientationLandscapeRight";
				LD_RUNPATH_SEARCH_PATHS = (
					"$(inherited)",
					"@executable_path/Frameworks",
				);
				MARKETING_VERSION = 1.0;
				PRODUCT_BUNDLE_IDENTIFIER = devleeky16498.JungdaeriSwift;
				PRODUCT_NAME = "$(TARGET_NAME)";
				SWIFT_EMIT_LOC_STRINGS = YES;
				SWIFT_VERSION = 5.0;
				TARGETED_DEVICE_FAMILY = "1,2";
			};
			name = Debug;
		};
		79AF816127E3C593005AAEE2 /* Release */ = {
			isa = XCBuildConfiguration;
			buildSettings = {
				ASSETCATALOG_COMPILER_APPICON_NAME = AppIcon;
				ASSETCATALOG_COMPILER_GLOBAL_ACCENT_COLOR_NAME = AccentColor;
				CODE_SIGN_STYLE = Automatic;
				CURRENT_PROJECT_VERSION = 1;
				DEVELOPMENT_ASSET_PATHS = "\"JungdaeriSwift/Preview Content\"";
				DEVELOPMENT_TEAM = SRJSV34WBB;
				ENABLE_PREVIEWS = YES;
				GENERATE_INFOPLIST_FILE = YES;
				INFOPLIST_KEY_UIApplicationSceneManifest_Generation = YES;
				INFOPLIST_KEY_UIApplicationSupportsIndirectInputEvents = YES;
				INFOPLIST_KEY_UILaunchScreen_Generation = YES;
				INFOPLIST_KEY_UISupportedInterfaceOrientations_iPad = "UIInterfaceOrientationPortrait UIInterfaceOrientationPortraitUpsideDown UIInterfaceOrientationLandscapeLeft UIInterfaceOrientationLandscapeRight";
				INFOPLIST_KEY_UISupportedInterfaceOrientations_iPhone = "UIInterfaceOrientationPortrait UIInterfaceOrientationLandscapeLeft UIInterfaceOrientationLandscapeRight";
				LD_RUNPATH_SEARCH_PATHS = (
					"$(inherited)",
					"@executable_path/Frameworks",
				);
				MARKETING_VERSION = 1.0;
				PRODUCT_BUNDLE_IDENTIFIER = devleeky16498.JungdaeriSwift;
				PRODUCT_NAME = "$(TARGET_NAME)";
				SWIFT_EMIT_LOC_STRINGS = YES;
				SWIFT_VERSION = 5.0;
				TARGETED_DEVICE_FAMILY = "1,2";
			};
			name = Release;
		};
/* End XCBuildConfiguration section */

/* Begin XCConfigurationList section */
		79AF814C27E3C593005AAEE2 /* Build configuration list for PBXProject "JungdaeriSwift" */ = {
			isa = XCConfigurationList;
			buildConfigurations = (
				79AF815D27E3C593005AAEE2 /* Debug */,
				79AF815E27E3C593005AAEE2 /* Release */,
			);
			defaultConfigurationIsVisible = 0;
			defaultConfigurationName = Release;
		};
		79AF815F27E3C593005AAEE2 /* Build configuration list for PBXNativeTarget "JungdaeriSwift" */ = {
			isa = XCConfigurationList;
			buildConfigurations = (
				79AF816027E3C593005AAEE2 /* Debug */,
				79AF816127E3C593005AAEE2 /* Release */,
			);
			defaultConfigurationIsVisible = 0;
			defaultConfigurationName = Release;
		};
/* End XCConfigurationList section */
	};
	rootObject = 79AF814927E3C593005AAEE2 /* Project object */;
}
